
Microsoft Visual Studio Solution File, Format Version 12.00
# Visual Studio Version 16
VisualStudioVersion = 16.0.29403.142
MinimumVisualStudioVersion = 10.0.40219.1
Project("{9A19103F-16F7-4668-BE54-9A1E7A4F7556}") = "PaxosLib", "..\PaxosLib\PaxosLib.csproj", "{FAA41E6F-79EF-4B54-8349-A3A84ECE1500}"
EndProject
Project("{9A19103F-16F7-4668-BE54-9A1E7A4F7556}") = "PaxsosTests", "..\test\PaxsosTests\PaxsosTests.csproj", "{5DC220E8-C74E-430B-92A5-12873256B2FF}"
	ProjectSection(ProjectDependencies) = postProject
		{27EAEFF6-07CA-4E53-AEF8-30A2DBBDA6C3} = {27EAEFF6-07CA-4E53-AEF8-30A2DBBDA6C3}
	EndProjectSection
EndProject
Project("{9A19103F-16F7-4668-BE54-9A1E7A4F7556}") = "NetworkLib", "..\NetworkLib\NetworkLib.csproj", "{5C21B167-D89F-43B2-AEE3-9C994B18ED2E}"
EndProject
Project("{9A19103F-16F7-4668-BE54-9A1E7A4F7556}") = "CommonLib", "..\CommonLib\CommonLib.csproj", "{C840B5D9-6664-407D-A526-77A44BEF20BF}"
EndProject
Project("{9A19103F-16F7-4668-BE54-9A1E7A4F7556}") = "PineHillRSLServer", "..\server\PineHillRSLServer.csproj", "{53F6E1EC-0CB7-49FE-A3A3-25A889AF8F28}"
EndProject
Project("{9A19103F-16F7-4668-BE54-9A1E7A4F7556}") = "PineHillRSLClientLib", "..\PineHillRSLClientLib\PineHillRSLClientLib.csproj", "{D46BF8C3-BDB2-4732-9F9D-AF0EC3914829}"
	ProjectSection(ProjectDependencies) = postProject
		{5C21B167-D89F-43B2-AEE3-9C994B18ED2E} = {5C21B167-D89F-43B2-AEE3-9C994B18ED2E}
		{C840B5D9-6664-407D-A526-77A44BEF20BF} = {C840B5D9-6664-407D-A526-77A44BEF20BF}
	EndProjectSection
EndProject
Project("{9A19103F-16F7-4668-BE54-9A1E7A4F7556}") = "PineHillRSLServerLib", "..\PineHillRSLServerLib\PineHillRSLServerLib.csproj", "{C347C8F9-D81A-4578-BE75-367E6937155A}"
EndProject
Project("{9A19103F-16F7-4668-BE54-9A1E7A4F7556}") = "PineHillRSLClientCLI", "..\client\PineHillRSLClientCLI.csproj", "{21669D6C-057C-4194-9E97-28C746FAE9A2}"
EndProject
Project("{9A19103F-16F7-4668-BE54-9A1E7A4F7556}") = "ReliableStateMachineLib", "..\ReliableStateMachineLib\ReliableStateMachineLib.csproj", "{23510165-F893-433B-B7FC-F0918933C5E5}"
	ProjectSection(ProjectDependencies) = postProject
		{27EAEFF6-07CA-4E53-AEF8-30A2DBBDA6C3} = {27EAEFF6-07CA-4E53-AEF8-30A2DBBDA6C3}
	EndProjectSection
EndProject
Project("{9A19103F-16F7-4668-BE54-9A1E7A4F7556}") = "ConsensusCommon", "..\ConsensusCommonLib\ConsensusCommon.csproj", "{3909F6F5-4006-4E96-9EFF-62E95E5E1624}"
EndProject
Project("{9A19103F-16F7-4668-BE54-9A1E7A4F7556}") = "RaftLib", "..\RaftLib\RaftLib.csproj", "{27EAEFF6-07CA-4E53-AEF8-30A2DBBDA6C3}"
EndProject
Global
	GlobalSection(SolutionConfigurationPlatforms) = preSolution
		Debug|Any CPU = Debug|Any CPU
		Debug|x64 = Debug|x64
		Debug|x86 = Debug|x86
		Release|Any CPU = Release|Any CPU
		Release|x64 = Release|x64
		Release|x86 = Release|x86
	EndGlobalSection
	GlobalSection(ProjectConfigurationPlatforms) = postSolution
		{FAA41E6F-79EF-4B54-8349-A3A84ECE1500}.Debug|Any CPU.ActiveCfg = Debug|Any CPU
		{FAA41E6F-79EF-4B54-8349-A3A84ECE1500}.Debug|Any CPU.Build.0 = Debug|Any CPU
		{FAA41E6F-79EF-4B54-8349-A3A84ECE1500}.Debug|x64.ActiveCfg = Debug|Any CPU
		{FAA41E6F-79EF-4B54-8349-A3A84ECE1500}.Debug|x64.Build.0 = Debug|Any CPU
		{FAA41E6F-79EF-4B54-8349-A3A84ECE1500}.Debug|x86.ActiveCfg = Debug|Any CPU
		{FAA41E6F-79EF-4B54-8349-A3A84ECE1500}.Debug|x86.Build.0 = Debug|Any CPU
		{FAA41E6F-79EF-4B54-8349-A3A84ECE1500}.Release|Any CPU.ActiveCfg = Release|Any CPU
		{FAA41E6F-79EF-4B54-8349-A3A84ECE1500}.Release|Any CPU.Build.0 = Release|Any CPU
		{FAA41E6F-79EF-4B54-8349-A3A84ECE1500}.Release|x64.ActiveCfg = Release|Any CPU
		{FAA41E6F-79EF-4B54-8349-A3A84ECE1500}.Release|x64.Build.0 = Release|Any CPU
		{FAA41E6F-79EF-4B54-8349-A3A84ECE1500}.Release|x86.ActiveCfg = Release|Any CPU
		{FAA41E6F-79EF-4B54-8349-A3A84ECE1500}.Release|x86.Build.0 = Release|Any CPU
		{5DC220E8-C74E-430B-92A5-12873256B2FF}.Debug|Any CPU.ActiveCfg = Debug|Any CPU
		{5DC220E8-C74E-430B-92A5-12873256B2FF}.Debug|Any CPU.Build.0 = Debug|Any CPU
		{5DC220E8-C74E-430B-92A5-12873256B2FF}.Debug|x64.ActiveCfg = Debug|Any CPU
		{5DC220E8-C74E-430B-92A5-12873256B2FF}.Debug|x64.Build.0 = Debug|Any CPU
		{5DC220E8-C74E-430B-92A5-12873256B2FF}.Debug|x86.ActiveCfg = Debug|Any CPU
		{5DC220E8-C74E-430B-92A5-12873256B2FF}.Debug|x86.Build.0 = Debug|Any CPU
		{5DC220E8-C74E-430B-92A5-12873256B2FF}.Release|Any CPU.ActiveCfg = Release|Any CPU
		{5DC220E8-C74E-430B-92A5-12873256B2FF}.Release|Any CPU.Build.0 = Release|Any CPU
		{5DC220E8-C74E-430B-92A5-12873256B2FF}.Release|x64.ActiveCfg = Release|Any CPU
		{5DC220E8-C74E-430B-92A5-12873256B2FF}.Release|x64.Build.0 = Release|Any CPU
		{5DC220E8-C74E-430B-92A5-12873256B2FF}.Release|x86.ActiveCfg = Release|Any CPU
		{5DC220E8-C74E-430B-92A5-12873256B2FF}.Release|x86.Build.0 = Release|Any CPU
		{5C21B167-D89F-43B2-AEE3-9C994B18ED2E}.Debug|Any CPU.ActiveCfg = Debug|Any CPU
		{5C21B167-D89F-43B2-AEE3-9C994B18ED2E}.Debug|Any CPU.Build.0 = Debug|Any CPU
		{5C21B167-D89F-43B2-AEE3-9C994B18ED2E}.Debug|x64.ActiveCfg = Debug|Any CPU
		{5C21B167-D89F-43B2-AEE3-9C994B18ED2E}.Debug|x64.Build.0 = Debug|Any CPU
		{5C21B167-D89F-43B2-AEE3-9C994B18ED2E}.Debug|x86.ActiveCfg = Debug|Any CPU
		{5C21B167-D89F-43B2-AEE3-9C994B18ED2E}.Debug|x86.Build.0 = Debug|Any CPU
		{5C21B167-D89F-43B2-AEE3-9C994B18ED2E}.Release|Any CPU.ActiveCfg = Release|Any CPU
		{5C21B167-D89F-43B2-AEE3-9C994B18ED2E}.Release|Any CPU.Build.0 = Release|Any CPU
		{5C21B167-D89F-43B2-AEE3-9C994B18ED2E}.Release|x64.ActiveCfg = Release|Any CPU
		{5C21B167-D89F-43B2-AEE3-9C994B18ED2E}.Release|x64.Build.0 = Release|Any CPU
		{5C21B167-D89F-43B2-AEE3-9C994B18ED2E}.Release|x86.ActiveCfg = Release|Any CPU
		{5C21B167-D89F-43B2-AEE3-9C994B18ED2E}.Release|x86.Build.0 = Release|Any CPU
		{C840B5D9-6664-407D-A526-77A44BEF20BF}.Debug|Any CPU.ActiveCfg = Debug|Any CPU
		{C840B5D9-6664-407D-A526-77A44BEF20BF}.Debug|Any CPU.Build.0 = Debug|Any CPU
		{C840B5D9-6664-407D-A526-77A44BEF20BF}.Debug|x64.ActiveCfg = Debug|Any CPU
		{C840B5D9-6664-407D-A526-77A44BEF20BF}.Debug|x64.Build.0 = Debug|Any CPU
		{C840B5D9-6664-407D-A526-77A44BEF20BF}.Debug|x86.ActiveCfg = Debug|Any CPU
		{C840B5D9-6664-407D-A526-77A44BEF20BF}.Debug|x86.Build.0 = Debug|Any CPU
		{C840B5D9-6664-407D-A526-77A44BEF20BF}.Release|Any CPU.ActiveCfg = Release|Any CPU
		{C840B5D9-6664-407D-A526-77A44BEF20BF}.Release|Any CPU.Build.0 = Release|Any CPU
		{C840B5D9-6664-407D-A526-77A44BEF20BF}.Release|x64.ActiveCfg = Release|Any CPU
		{C840B5D9-6664-407D-A526-77A44BEF20BF}.Release|x64.Build.0 = Release|Any CPU
		{C840B5D9-6664-407D-A526-77A44BEF20BF}.Release|x86.ActiveCfg = Release|Any CPU
		{C840B5D9-6664-407D-A526-77A44BEF20BF}.Release|x86.Build.0 = Release|Any CPU
		{53F6E1EC-0CB7-49FE-A3A3-25A889AF8F28}.Debug|Any CPU.ActiveCfg = Debug|Any CPU
		{53F6E1EC-0CB7-49FE-A3A3-25A889AF8F28}.Debug|Any CPU.Build.0 = Debug|Any CPU
		{53F6E1EC-0CB7-49FE-A3A3-25A889AF8F28}.Debug|x64.ActiveCfg = Debug|Any CPU
		{53F6E1EC-0CB7-49FE-A3A3-25A889AF8F28}.Debug|x64.Build.0 = Debug|Any CPU
		{53F6E1EC-0CB7-49FE-A3A3-25A889AF8F28}.Debug|x86.ActiveCfg = Debug|Any CPU
		{53F6E1EC-0CB7-49FE-A3A3-25A889AF8F28}.Debug|x86.Build.0 = Debug|Any CPU
		{53F6E1EC-0CB7-49FE-A3A3-25A889AF8F28}.Release|Any CPU.ActiveCfg = Release|Any CPU
		{53F6E1EC-0CB7-49FE-A3A3-25A889AF8F28}.Release|Any CPU.Build.0 = Release|Any CPU
		{53F6E1EC-0CB7-49FE-A3A3-25A889AF8F28}.Release|x64.ActiveCfg = Release|Any CPU
		{53F6E1EC-0CB7-49FE-A3A3-25A889AF8F28}.Release|x64.Build.0 = Release|Any CPU
		{53F6E1EC-0CB7-49FE-A3A3-25A889AF8F28}.Release|x86.ActiveCfg = Release|Any CPU
		{53F6E1EC-0CB7-49FE-A3A3-25A889AF8F28}.Release|x86.Build.0 = Release|Any CPU
		{D46BF8C3-BDB2-4732-9F9D-AF0EC3914829}.Debug|Any CPU.ActiveCfg = Debug|Any CPU
		{D46BF8C3-BDB2-4732-9F9D-AF0EC3914829}.Debug|Any CPU.Build.0 = Debug|Any CPU
		{D46BF8C3-BDB2-4732-9F9D-AF0EC3914829}.Debug|x64.ActiveCfg = Debug|Any CPU
		{D46BF8C3-BDB2-4732-9F9D-AF0EC3914829}.Debug|x64.Build.0 = Debug|Any CPU
		{D46BF8C3-BDB2-4732-9F9D-AF0EC3914829}.Debug|x86.ActiveCfg = Debug|Any CPU
		{D46BF8C3-BDB2-4732-9F9D-AF0EC3914829}.Debug|x86.Build.0 = Debug|Any CPU
		{D46BF8C3-BDB2-4732-9F9D-AF0EC3914829}.Release|Any CPU.ActiveCfg = Release|Any CPU
		{D46BF8C3-BDB2-4732-9F9D-AF0EC3914829}.Release|Any CPU.Build.0 = Release|Any CPU
		{D46BF8C3-BDB2-4732-9F9D-AF0EC3914829}.Release|x64.ActiveCfg = Release|Any CPU
		{D46BF8C3-BDB2-4732-9F9D-AF0EC3914829}.Release|x64.Build.0 = Release|Any CPU
		{D46BF8C3-BDB2-4732-9F9D-AF0EC3914829}.Release|x86.ActiveCfg = Release|Any CPU
		{D46BF8C3-BDB2-4732-9F9D-AF0EC3914829}.Release|x86.Build.0 = Release|Any CPU
		{C347C8F9-D81A-4578-BE75-367E6937155A}.Debug|Any CPU.ActiveCfg = Debug|Any CPU
		{C347C8F9-D81A-4578-BE75-367E6937155A}.Debug|Any CPU.Build.0 = Debug|Any CPU
		{C347C8F9-D81A-4578-BE75-367E6937155A}.Debug|x64.ActiveCfg = Debug|Any CPU
		{C347C8F9-D81A-4578-BE75-367E6937155A}.Debug|x64.Build.0 = Debug|Any CPU
		{C347C8F9-D81A-4578-BE75-367E6937155A}.Debug|x86.ActiveCfg = Debug|Any CPU
		{C347C8F9-D81A-4578-BE75-367E6937155A}.Debug|x86.Build.0 = Debug|Any CPU
		{C347C8F9-D81A-4578-BE75-367E6937155A}.Release|Any CPU.ActiveCfg = Release|Any CPU
		{C347C8F9-D81A-4578-BE75-367E6937155A}.Release|Any CPU.Build.0 = Release|Any CPU
		{C347C8F9-D81A-4578-BE75-367E6937155A}.Release|x64.ActiveCfg = Release|Any CPU
		{C347C8F9-D81A-4578-BE75-367E6937155A}.Release|x64.Build.0 = Release|Any CPU
		{C347C8F9-D81A-4578-BE75-367E6937155A}.Release|x86.ActiveCfg = Release|Any CPU
		{C347C8F9-D81A-4578-BE75-367E6937155A}.Release|x86.Build.0 = Release|Any CPU
		{21669D6C-057C-4194-9E97-28C746FAE9A2}.Debug|Any CPU.ActiveCfg = Debug|Any CPU
		{21669D6C-057C-4194-9E97-28C746FAE9A2}.Debug|Any CPU.Build.0 = Debug|Any CPU
		{21669D6C-057C-4194-9E97-28C746FAE9A2}.Debug|x64.ActiveCfg = Debug|Any CPU
		{21669D6C-057C-4194-9E97-28C746FAE9A2}.Debug|x64.Build.0 = Debug|Any CPU
		{21669D6C-057C-4194-9E97-28C746FAE9A2}.Debug|x86.ActiveCfg = Debug|Any CPU
		{21669D6C-057C-4194-9E97-28C746FAE9A2}.Debug|x86.Build.0 = Debug|Any CPU
		{21669D6C-057C-4194-9E97-28C746FAE9A2}.Release|Any CPU.ActiveCfg = Release|Any CPU
		{21669D6C-057C-4194-9E97-28C746FAE9A2}.Release|Any CPU.Build.0 = Release|Any CPU
		{21669D6C-057C-4194-9E97-28C746FAE9A2}.Release|x64.ActiveCfg = Release|Any CPU
		{21669D6C-057C-4194-9E97-28C746FAE9A2}.Release|x64.Build.0 = Release|Any CPU
		{21669D6C-057C-4194-9E97-28C746FAE9A2}.Release|x86.ActiveCfg = Release|Any CPU
		{21669D6C-057C-4194-9E97-28C746FAE9A2}.Release|x86.Build.0 = Release|Any CPU
		{23510165-F893-433B-B7FC-F0918933C5E5}.Debug|Any CPU.ActiveCfg = Debug|Any CPU
		{23510165-F893-433B-B7FC-F0918933C5E5}.Debug|Any CPU.Build.0 = Debug|Any CPU
		{23510165-F893-433B-B7FC-F0918933C5E5}.Debug|x64.ActiveCfg = Debug|Any CPU
		{23510165-F893-433B-B7FC-F0918933C5E5}.Debug|x64.Build.0 = Debug|Any CPU
		{23510165-F893-433B-B7FC-F0918933C5E5}.Debug|x86.ActiveCfg = Debug|Any CPU
		{23510165-F893-433B-B7FC-F0918933C5E5}.Debug|x86.Build.0 = Debug|Any CPU
		{23510165-F893-433B-B7FC-F0918933C5E5}.Release|Any CPU.ActiveCfg = Release|Any CPU
		{23510165-F893-433B-B7FC-F0918933C5E5}.Release|Any CPU.Build.0 = Release|Any CPU
		{23510165-F893-433B-B7FC-F0918933C5E5}.Release|x64.ActiveCfg = Release|Any CPU
		{23510165-F893-433B-B7FC-F0918933C5E5}.Release|x64.Build.0 = Release|Any CPU
		{23510165-F893-433B-B7FC-F0918933C5E5}.Release|x86.ActiveCfg = Release|Any CPU
		{23510165-F893-433B-B7FC-F0918933C5E5}.Release|x86.Build.0 = Release|Any CPU
		{3909F6F5-4006-4E96-9EFF-62E95E5E1624}.Debug|Any CPU.ActiveCfg = Debug|Any CPU
		{3909F6F5-4006-4E96-9EFF-62E95E5E1624}.Debug|Any CPU.Build.0 = Debug|Any CPU
		{3909F6F5-4006-4E96-9EFF-62E95E5E1624}.Debug|x64.ActiveCfg = Debug|Any CPU
		{3909F6F5-4006-4E96-9EFF-62E95E5E1624}.Debug|x64.Build.0 = Debug|Any CPU
		{3909F6F5-4006-4E96-9EFF-62E95E5E1624}.Debug|x86.ActiveCfg = Debug|Any CPU
		{3909F6F5-4006-4E96-9EFF-62E95E5E1624}.Debug|x86.Build.0 = Debug|Any CPU
		{3909F6F5-4006-4E96-9EFF-62E95E5E1624}.Release|Any CPU.ActiveCfg = Release|Any CPU
		{3909F6F5-4006-4E96-9EFF-62E95E5E1624}.Release|Any CPU.Build.0 = Release|Any CPU
		{3909F6F5-4006-4E96-9EFF-62E95E5E1624}.Release|x64.ActiveCfg = Release|Any CPU
		{3909F6F5-4006-4E96-9EFF-62E95E5E1624}.Release|x64.Build.0 = Release|Any CPU
		{3909F6F5-4006-4E96-9EFF-62E95E5E1624}.Release|x86.ActiveCfg = Release|Any CPU
		{3909F6F5-4006-4E96-9EFF-62E95E5E1624}.Release|x86.Build.0 = Release|Any CPU
		{27EAEFF6-07CA-4E53-AEF8-30A2DBBDA6C3}.Debug|Any CPU.ActiveCfg = Debug|Any CPU
		{27EAEFF6-07CA-4E53-AEF8-30A2DBBDA6C3}.Debug|Any CPU.Build.0 = Debug|Any CPU
		{27EAEFF6-07CA-4E53-AEF8-30A2DBBDA6C3}.Debug|x64.ActiveCfg = Debug|Any CPU
		{27EAEFF6-07CA-4E53-AEF8-30A2DBBDA6C3}.Debug|x64.Build.0 = Debug|Any CPU
		{27EAEFF6-07CA-4E53-AEF8-30A2DBBDA6C3}.Debug|x86.ActiveCfg = Debug|Any CPU
		{27EAEFF6-07CA-4E53-AEF8-30A2DBBDA6C3}.Debug|x86.Build.0 = Debug|Any CPU
		{27EAEFF6-07CA-4E53-AEF8-30A2DBBDA6C3}.Release|Any CPU.ActiveCfg = Release|Any CPU
		{27EAEFF6-07CA-4E53-AEF8-30A2DBBDA6C3}.Release|Any CPU.Build.0 = Release|Any CPU
		{27EAEFF6-07CA-4E53-AEF8-30A2DBBDA6C3}.Release|x64.ActiveCfg = Release|Any CPU
		{27EAEFF6-07CA-4E53-AEF8-30A2DBBDA6C3}.Release|x64.Build.0 = Release|Any CPU
		{27EAEFF6-07CA-4E53-AEF8-30A2DBBDA6C3}.Release|x86.ActiveCfg = Release|Any CPU
		{27EAEFF6-07CA-4E53-AEF8-30A2DBBDA6C3}.Release|x86.Build.0 = Release|Any CPU
	EndGlobalSection
	GlobalSection(SolutionProperties) = preSolution
		HideSolutionNode = FALSE
	EndGlobalSection
	GlobalSection(ExtensibilityGlobals) = postSolution
		SolutionGuid = {095F4F7A-B2EC-42E7-B939-5702E852BF1F}
	EndGlobalSection
EndGlobal
